Microsoft Visual Studio Solution File, Format Version 12.00
# Visual Studio Version 17
VisualStudioVersion = 17.5.2.0
MinimumVisualStudioVersion = 10.0.40219.1
Project("{2150E333-8FDC-42A3-9474-1A3956D46DE8}") = "tests", "tests", "{0AB3BF05-4346-4AA6-1389-037BE0695223}"
EndProject
Project("{2150E333-8FDC-42A3-9474-1A3956D46DE8}") = "src", "src", "{827E0CD3-B72D-47B6-A68D-7590B98EB39B}"
EndProject
Project("{FAE04EC0-301F-11D3-BF4B-00C04F79EFBC}") = "Mythral.Game.Tests", "tests\Mythral.Game.Tests\Mythral.Game.Tests.csproj", "{E7C17FAE-C271-04E4-42C4-4E29ED305FDD}"
EndProject
Project("{FAE04EC0-301F-11D3-BF4B-00C04F79EFBC}") = "Mythral.Shared.Tests", "tests\Mythral.Shared.Tests\Mythral.Shared.Tests.csproj", "{13D3DCB9-F5AF-0B07-CC96-C1263E0B697F}"
EndProject
Project("{FAE04EC0-301F-11D3-BF4B-00C04F79EFBC}") = "Mythral.Server.Tests", "tests\Mythral.Server.Tests\Mythral.Server.Tests.csproj", "{F0B495D1-9962-9837-86D6-3F6E5EA9694F}"
EndProject
Project("{FAE04EC0-301F-11D3-BF4B-00C04F79EFBC}") = "Mythral.Game", "src\Mythral.Game\Mythral.Game.csproj", "{8A88A7D1-F099-3280-9B4D-015A33132C6F}"
EndProject
Project("{FAE04EC0-301F-11D3-BF4B-00C04F79EFBC}") = "Mythral.Shared", "src\Mythral.Shared\Mythral.Shared.csproj", "{034E9488-850B-B3FE-1B19-89A3D42FC7C4}"
EndProject
Project("{FAE04EC0-301F-11D3-BF4B-00C04F79EFBC}") = "Mythral.Server", "src\Mythral.Server\Mythral.Server.csproj", "{4B3780F4-41E1-CBA8-0311-250FA1E896CE}"
EndProject
Global
	GlobalSection(SolutionConfigurationPlatforms) = preSolution
		Debug|Any CPU = Debug|Any CPU
		Release|Any CPU = Release|Any CPU
	EndGlobalSection
	GlobalSection(ProjectConfigurationPlatforms) = postSolution
		{E7C17FAE-C271-04E4-42C4-4E29ED305FDD}.Debug|Any CPU.ActiveCfg = Debug|Any CPU
		{E7C17FAE-C271-04E4-42C4-4E29ED305FDD}.Debug|Any CPU.Build.0 = Debug|Any CPU
		{E7C17FAE-C271-04E4-42C4-4E29ED305FDD}.Release|Any CPU.ActiveCfg = Release|Any CPU
		{E7C17FAE-C271-04E4-42C4-4E29ED305FDD}.Release|Any CPU.Build.0 = Release|Any CPU
		{13D3DCB9-F5AF-0B07-CC96-C1263E0B697F}.Debug|Any CPU.ActiveCfg = Debug|Any CPU
		{13D3DCB9-F5AF-0B07-CC96-C1263E0B697F}.Debug|Any CPU.Build.0 = Debug|Any CPU
		{13D3DCB9-F5AF-0B07-CC96-C1263E0B697F}.Release|Any CPU.ActiveCfg = Release|Any CPU
		{13D3DCB9-F5AF-0B07-CC96-C1263E0B697F}.Release|Any CPU.Build.0 = Release|Any CPU
		{F0B495D1-9962-9837-86D6-3F6E5EA9694F}.Debug|Any CPU.ActiveCfg = Debug|Any CPU
		{F0B495D1-9962-9837-86D6-3F6E5EA9694F}.Debug|Any CPU.Build.0 = Debug|Any CPU
		{F0B495D1-9962-9837-86D6-3F6E5EA9694F}.Release|Any CPU.ActiveCfg = Release|Any CPU
		{F0B495D1-9962-9837-86D6-3F6E5EA9694F}.Release|Any CPU.Build.0 = Release|Any CPU
		{8A88A7D1-F099-3280-9B4D-015A33132C6F}.Debug|Any CPU.ActiveCfg = Debug|Any CPU
		{8A88A7D1-F099-3280-9B4D-015A33132C6F}.Debug|Any CPU.Build.0 = Debug|Any CPU
		{8A88A7D1-F099-3280-9B4D-015A33132C6F}.Release|Any CPU.ActiveCfg = Release|Any CPU
		{8A88A7D1-F099-3280-9B4D-015A33132C6F}.Release|Any CPU.Build.0 = Release|Any CPU
		{034E9488-850B-B3FE-1B19-89A3D42FC7C4}.Debug|Any CPU.ActiveCfg = Debug|Any CPU
		{034E9488-850B-B3FE-1B19-89A3D42FC7C4}.Debug|Any CPU.Build.0 = Debug|Any CPU
		{034E9488-850B-B3FE-1B19-89A3D42FC7C4}.Release|Any CPU.ActiveCfg = Release|Any CPU
		{034E9488-850B-B3FE-1B19-89A3D42FC7C4}.Release|Any CPU.Build.0 = Release|Any CPU
		{4B3780F4-41E1-CBA8-0311-250FA1E896CE}.Debug|Any CPU.ActiveCfg = Debug|Any CPU
		{4B3780F4-41E1-CBA8-0311-250FA1E896CE}.Debug|Any CPU.Build.0 = Debug|Any CPU
		{4B3780F4-41E1-CBA8-0311-250FA1E896CE}.Release|Any CPU.ActiveCfg = Release|Any CPU
		{4B3780F4-41E1-CBA8-0311-250FA1E896CE}.Release|Any CPU.Build.0 = Release|Any CPU
	EndGlobalSection
	GlobalSection(SolutionProperties) = preSolution
		HideSolutionNode = FALSE
	EndGlobalSection
	GlobalSection(NestedProjects) = preSolution
		{E7C17FAE-C271-04E4-42C4-4E29ED305FDD} = {0AB3BF05-4346-4AA6-1389-037BE0695223}
		{13D3DCB9-F5AF-0B07-CC96-C1263E0B697F} = {0AB3BF05-4346-4AA6-1389-037BE0695223}
		{F0B495D1-9962-9837-86D6-3F6E5EA9694F} = {0AB3BF05-4346-4AA6-1389-037BE0695223}
		{8A88A7D1-F099-3280-9B4D-015A33132C6F} = {827E0CD3-B72D-47B6-A68D-7590B98EB39B}
		{034E9488-850B-B3FE-1B19-89A3D42FC7C4} = {827E0CD3-B72D-47B6-A68D-7590B98EB39B}
		{4B3780F4-41E1-CBA8-0311-250FA1E896CE} = {827E0CD3-B72D-47B6-A68D-7590B98EB39B}
	EndGlobalSection
	GlobalSection(ExtensibilityGlobals) = postSolution
		SolutionGuid = {2DB77F38-C872-4F88-9054-49A62EC59B1D}
	EndGlobalSection
EndGlobal
